
Microsoft Visual Studio Solution File, Format Version 12.00
# Visual Studio 15
Project("{FAE04EC0-301F-11D3-BF4B-00C04F79EFBC}") = "Bilux", "Assembly-CSharp.csproj", "{35AFF0BA-980A-A8C5-7F94-4F4E2F846048}"
EndProject
Project("{FAE04EC0-301F-11D3-BF4B-00C04F79EFBC}") = "Bilux", "Assembly-CSharp-Editor.csproj", "{49EBFC98-4948-22B4-5A55-9385CC4805CA}"
EndProject
Global
	GlobalSection(SolutionConfigurationPlatforms) = preSolution
		Debug|Any CPU = Debug|Any CPU
		Release|Any CPU = Release|Any CPU
	EndGlobalSection
	GlobalSection(ProjectConfigurationPlatforms) = postSolution
		{35AFF0BA-980A-A8C5-7F94-4F4E2F846048}.Debug|Any CPU.ActiveCfg = Debug|Any CPU
		{35AFF0BA-980A-A8C5-7F94-4F4E2F846048}.Debug|Any CPU.Build.0 = Debug|Any CPU
		{35AFF0BA-980A-A8C5-7F94-4F4E2F846048}.Release|Any CPU.ActiveCfg = Release|Any CPU
		{35AFF0BA-980A-A8C5-7F94-4F4E2F846048}.Release|Any CPU.Build.0 = Release|Any CPU
		{49EBFC98-4948-22B4-5A55-9385CC4805CA}.Debug|Any CPU.ActiveCfg = Debug|Any CPU
		{49EBFC98-4948-22B4-5A55-9385CC4805CA}.Debug|Any CPU.Build.0 = Debug|Any CPU
		{49EBFC98-4948-22B4-5A55-9385CC4805CA}.Release|Any CPU.ActiveCfg = Release|Any CPU
		{49EBFC98-4948-22B4-5A55-9385CC4805CA}.Release|Any CPU.Build.0 = Release|Any CPU
	EndGlobalSection
	GlobalSection(SolutionProperties) = preSolution
		HideSolutionNode = FALSE
	EndGlobalSection
EndGlobal
